github.com/go-telegram/bot v1.1.4 h1:CdaDMQpz/P6bRPE2km0BH+f9y+ref/Y7HtY8exR0ouM=
github.com/go-telegram/bot v1.1.4/go.mod h1:i2TRs7fXWIeaceF3z7KzsMt/he0TwkVC680mvdTFYeM=
github.com/shopspring/decimal v1.3.1 h1:2Usl1nmF/WZucqkFZhnfFYxxxu8LG21F6nPQBE5gKV8=
github.com/shopspring/decimal v1.3.1/go.mod h1:DKyhrW/HYNuLGql+MJL6WCR6knT2jwCFRcu2hWCYk4o=
